<?xml version="1.0" encoding="UTF-8" standalone="yes" ?>
<CodeBlocks_project_file>
	<FileVersion major="1" minor="6" />
	<Project>
		<Option title="elore" />
		<Option pch_mode="2" />
		<Option compiler="gcc" />
		<Build>
			<Target title="Debug">
				<Option output="bin/Debug/elore" prefix_auto="1" extension_auto="1" />
				<Option object_output="obj/Debug/" />
				<Option type="1" />
				<Option compiler="gcc" />
				<Compiler>
					<Add option="-g" />
				</Compiler>
			</Target>
			<Target title="Release">
				<Option output="bin/Release/elore" prefix_auto="1" extension_auto="1" />
				<Option object_output="obj/Release/" />
				<Option type="1" />
				<Option compiler="gcc" />
				<Compiler>
					<Add option="-O2" />
				</Compiler>
				<Linker>
					<Add option="-s" />
				</Linker>
			</Target>
		</Build>
		<Compiler>
			<Add option="-std=c++11" />
			<Add option="-Wall" />
			<Add option="-std=gnu++11" />
		</Compiler>
		<Linker>
			<Add option="-lgdi32" />
			<Add option="-lmingw32" />
			<Add option="-lSDL2_image" />
			<Add option="-lSDL2main" />
			<Add option="-lSDL2" />
			<Add option="-lopengl32" />
			<Add option="-lglu32" />
		</Linker>
		<Unit filename="src/CEntity.h" />
		<Unit filename="src/ResourceManager.h" />
		<Unit filename="src/camera.cpp" />
		<Unit filename="src/camera.h" />
		<Unit filename="src/elore.cpp" />
		<Unit filename="src/framework.h" />
		<Unit filename="src/player.cpp" />
		<Unit filename="src/player.h" />
		<Unit filename="src/primative.cpp" />
		<Unit filename="src/primative.h" />
		<Unit filename="src/resource.h" />
		<Unit filename="src/world.cpp" />
		<Unit filename="src/world.h" />
		<Extensions>
			<code_completion />
			<envvars />
			<debugger />
		</Extensions>
	</Project>
</CodeBlocks_project_file>
