<?xml version="1.0" encoding="UTF-8" standalone="yes" ?>
<CodeBlocks_project_file>
	<FileVersion major="1" minor="6" />
	<Project>
		<Option title="omni3d" />
		<Option pch_mode="2" />
		<Option compiler="gcc" />
		<Build>
			<Target title="Debug">
				<Option output="bin/Debug/omni3d" prefix_auto="1" extension_auto="1" />
				<Option object_output="obj/Debug/" />
				<Option type="1" />
				<Option compiler="gcc" />
				<Compiler>
					<Add option="-g" />
				</Compiler>
			</Target>
			<Target title="Release">
				<Option output="bin/Release/omni3d" prefix_auto="1" extension_auto="1" />
				<Option object_output="obj/Release/" />
				<Option type="1" />
				<Option compiler="gcc" />
				<Compiler>
					<Add option="-O2" />
				</Compiler>
				<Linker>
					<Add option="-s" />
					<Add option="-static" />
				</Linker>
			</Target>
		</Build>
		<Compiler>
			<Add option="-Wall" />
			<Add option="-std=gnu++11" />
		</Compiler>
		<Unit filename="CCmdParser.cc" />
		<Unit filename="CCmdParser.h" />
		<Unit filename="CFace.h" />
		<Unit filename="CFaceBuffer.h" />
		<Unit filename="CNormalBuffer.h" />
		<Unit filename="CPoint.h" />
		<Unit filename="CReader_STL.cc" />
		<Unit filename="CReader_STL.h" />
		<Unit filename="CTexCoordBuffer.h" />
		<Unit filename="CVertexBuffer.h" />
		<Unit filename="CWriter_STL.cc" />
		<Unit filename="CWriter_STL.h" />
		<Unit filename="main.cc" />
		<Unit filename="omni3d.h" />
		<Extensions>
			<code_completion />
			<envvars />
			<debugger />
			<lib_finder disable_auto="1" />
			<DoxyBlocks>
				<comment_style block="0" line="0" />
				<doxyfile_project />
				<doxyfile_build />
				<doxyfile_warnings />
				<doxyfile_output />
				<doxyfile_dot />
				<general />
			</DoxyBlocks>
		</Extensions>
	</Project>
</CodeBlocks_project_file>
